# THIS IS AN AUTOGENERATED FILE. DO NOT EDIT THIS FILE DIRECTLY.
# yarn lockfile v1


react-uuid@^1.0.3:
  version "1.0.3"
  resolved "https://registry.yarnpkg.com/react-uuid/-/react-uuid-1.0.3.tgz#77418d1ebd29b4c4ab8e457272887d489aa87836"
  integrity sha512-cw6Rr6JphvsdK4xHPGBjKD7XSH6Y6i4NJFWUO3OiDd7NLcR8xVeQ3CfeKm7h+S5tpZZVfbH3Tkrz/ydsIiV8pA==
